
Microsoft Visual Studio Solution File, Format Version 12.00
# Visual Studio 15
VisualStudioVersion = 15.0.28307.489
MinimumVisualStudioVersion = 10.0.40219.1
Project("{FAE04EC0-301F-11D3-BF4B-00C04F79EFBC}") = "IU.PlanManager.ConApp", "IU.PlanManager.ConApp\IU.PlanManager.ConApp.csproj", "{DCAB88D2-06EE-46AB-9362-CCE4873E0753}"
EndProject
Project("{FAE04EC0-301F-11D3-BF4B-00C04F79EFBC}") = "IU.Plan.Web", "IU.Plan.Web\IU.Plan.Web.csproj", "{56E163FE-1B46-4C7C-B232-A4A91B6000C7}"
EndProject
Project("{FAE04EC0-301F-11D3-BF4B-00C04F79EFBC}") = "IU.PlanManager.Core", "IU.PlanManager.Core\IU.PlanManager.Core.csproj", "{7692FFD6-8871-490C-8C29-61D5AFCE09E9}"
EndProject
Project("{FAE04EC0-301F-11D3-BF4B-00C04F79EFBC}") = "IU.PlanManager.Extensions", "IU.PlanManager.Extensions\IU.PlanManager.Extensions.csproj", "{1A6A3BFB-388C-45C7-BB88-E86E2996AEA3}"
EndProject
Global
	GlobalSection(SolutionConfigurationPlatforms) = preSolution
		Debug|Any CPU = Debug|Any CPU
		Release|Any CPU = Release|Any CPU
	EndGlobalSection
	GlobalSection(ProjectConfigurationPlatforms) = postSolution
		{DCAB88D2-06EE-46AB-9362-CCE4873E0753}.Debug|Any CPU.ActiveCfg = Debug|Any CPU
		{DCAB88D2-06EE-46AB-9362-CCE4873E0753}.Debug|Any CPU.Build.0 = Debug|Any CPU
		{DCAB88D2-06EE-46AB-9362-CCE4873E0753}.Release|Any CPU.ActiveCfg = Release|Any CPU
		{DCAB88D2-06EE-46AB-9362-CCE4873E0753}.Release|Any CPU.Build.0 = Release|Any CPU
		{56E163FE-1B46-4C7C-B232-A4A91B6000C7}.Debug|Any CPU.ActiveCfg = Debug|Any CPU
		{56E163FE-1B46-4C7C-B232-A4A91B6000C7}.Debug|Any CPU.Build.0 = Debug|Any CPU
		{56E163FE-1B46-4C7C-B232-A4A91B6000C7}.Release|Any CPU.ActiveCfg = Release|Any CPU
		{56E163FE-1B46-4C7C-B232-A4A91B6000C7}.Release|Any CPU.Build.0 = Release|Any CPU
		{7692FFD6-8871-490C-8C29-61D5AFCE09E9}.Debug|Any CPU.ActiveCfg = Debug|Any CPU
		{7692FFD6-8871-490C-8C29-61D5AFCE09E9}.Debug|Any CPU.Build.0 = Debug|Any CPU
		{7692FFD6-8871-490C-8C29-61D5AFCE09E9}.Release|Any CPU.ActiveCfg = Release|Any CPU
		{7692FFD6-8871-490C-8C29-61D5AFCE09E9}.Release|Any CPU.Build.0 = Release|Any CPU
		{1A6A3BFB-388C-45C7-BB88-E86E2996AEA3}.Debug|Any CPU.ActiveCfg = Debug|Any CPU
		{1A6A3BFB-388C-45C7-BB88-E86E2996AEA3}.Debug|Any CPU.Build.0 = Debug|Any CPU
		{1A6A3BFB-388C-45C7-BB88-E86E2996AEA3}.Release|Any CPU.ActiveCfg = Release|Any CPU
		{1A6A3BFB-388C-45C7-BB88-E86E2996AEA3}.Release|Any CPU.Build.0 = Release|Any CPU
	EndGlobalSection
	GlobalSection(SolutionProperties) = preSolution
		HideSolutionNode = FALSE
	EndGlobalSection
	GlobalSection(ExtensibilityGlobals) = postSolution
		SolutionGuid = {E7BFBBC1-C48A-494C-B8EB-6CACA70C360B}
	EndGlobalSection
EndGlobal
